// !$*UTF8*$!
{
	archiveVersion = 1;
	classes = {
	};
	objectVersion = 50;
	objects = {

/* Begin PBXBuildFile section */
		188AF10E236FBB290054BE87 /* AppDelegate.swift in Sources */ = {isa = PBXBuildFile; fileRef = 188AF10D236FBB290054BE87 /* AppDelegate.swift */; };
		188AF110236FBB290054BE87 /* SceneDelegate.swift in Sources */ = {isa = PBXBuildFile; fileRef = 188AF10F236FBB290054BE87 /* SceneDelegate.swift */; };
		188AF112236FBB290054BE87 /* ViewController.swift in Sources */ = {isa = PBXBuildFile; fileRef = 188AF111236FBB290054BE87 /* ViewController.swift */; };
		188AF115236FBB290054BE87 /* Main.storyboard in Resources */ = {isa = PBXBuildFile; fileRef = 188AF113236FBB290054BE87 /* Main.storyboard */; };
		188AF117236FBB2B0054BE87 /* Assets.xcassets in Resources */ = {isa = PBXBuildFile; fileRef = 188AF116236FBB2B0054BE87 /* Assets.xcassets */; };
		188AF11A236FBB2B0054BE87 /* LaunchScreen.storyboard in Resources */ = {isa = PBXBuildFile; fileRef = 188AF118236FBB2B0054BE87 /* LaunchScreen.storyboard */; };
		188AF122236FBB4D0054BE87 /* SomeDemoView.swift in Sources */ = {isa = PBXBuildFile; fileRef = 188AF121236FBB4D0054BE87 /* SomeDemoView.swift */; };
		188AF124236FBB580054BE87 /* SomeDemoView.xib in Resources */ = {isa = PBXBuildFile; fileRef = 188AF123236FBB580054BE87 /* SomeDemoView.xib */; };
/* End PBXBuildFile section */

/* Begin PBXFileReference section */
		188AF10A236FBB290054BE87 /* AviewXibFile.app */ = {isa = PBXFileReference; explicitFileType = wrapper.application; includeInIndex = 0; path = AviewXibFile.app; sourceTree = BUILT_PRODUCTS_DIR; };
		188AF10D236FBB290054BE87 /* AppDelegate.swift */ = {isa = PBXFileReference; lastKnownFileType = sourcecode.swift; path = AppDelegate.swift; sourceTree = "<group>"; };
		188AF10F236FBB290054BE87 /* SceneDelegate.swift */ = {isa = PBXFileReference; lastKnownFileType = sourcecode.swift; path = SceneDelegate.swift; sourceTree = "<group>"; };
		188AF111236FBB290054BE87 /* ViewController.swift */ = {isa = PBXFileReference; lastKnownFileType = sourcecode.swift; path = ViewController.swift; sourceTree = "<group>"; };
		188AF114236FBB290054BE87 /* Base */ = {isa = PBXFileReference; lastKnownFileType = file.storyboard; name = Base; path = Base.lproj/Main.storyboard; sourceTree = "<group>"; };
		188AF116236FBB2B0054BE87 /* Assets.xcassets */ = {isa = PBXFileReference; lastKnownFileType = folder.assetcatalog; path = Assets.xcassets; sourceTree = "<group>"; };
		188AF119236FBB2B0054BE87 /* Base */ = {isa = PBXFileReference; lastKnownFileType = file.storyboard; name = Base; path = Base.lproj/LaunchScreen.storyboard; sourceTree = "<group>"; };
		188AF11B236FBB2B0054BE87 /* Info.plist */ = {isa = PBXFileReference; lastKnownFileType = text.plist.xml; path = Info.plist; sourceTree = "<group>"; };
		188AF121236FBB4D0054BE87 /* SomeDemoView.swift */ = {isa = PBXFileReference; lastKnownFileType = sourcecode.swift; path = SomeDemoView.swift; sourceTree = "<group>"; };
		188AF123236FBB580054BE87 /* SomeDemoView.xib */ = {isa = PBXFileReference; lastKnownFileType = file.xib; path = SomeDemoView.xib; sourceTree = "<group>"; };
/* End PBXFileReference section */

/* Begin PBXFrameworksBuildPhase section */
		188AF107236FBB290054BE87 /* Frameworks */ = {
			isa = PBXFrameworksBuildPhase;
			buildActionMask = 2147483647;
			files = (
			);
			runOnlyForDeploymentPostprocessing = 0;
		};
/* End PBXFrameworksBuildPhase section */

/* Begin PBXGroup section */
		188AF101236FBB290054BE87 = {
			isa = PBXGroup;
			children = (
				188AF10C236FBB290054BE87 /* AviewXibFile */,
				188AF10B236FBB290054BE87 /* Products */,
			);
			sourceTree = "<group>";
		};
		188AF10B236FBB290054BE87 /* Products */ = {
			isa = PBXGroup;
			children = (
				188AF10A236FBB290054BE87 /* AviewXibFile.app */,
			);
			name = Products;
			sourceTree = "<group>";
		};
		188AF10C236FBB290054BE87 /* AviewXibFile */ = {
			isa = PBXGroup;
			children = (
				188AF10D236FBB290054BE87 /* AppDelegate.swift */,
				188AF10F236FBB290054BE87 /* SceneDelegate.swift */,
				188AF111236FBB290054BE87 /* ViewController.swift */,
				188AF113236FBB290054BE87 /* Main.storyboard */,
				188AF116236FBB2B0054BE87 /* Assets.xcassets */,
				188AF118236FBB2B0054BE87 /* LaunchScreen.storyboard */,
				188AF11B236FBB2B0054BE87 /* Info.plist */,
				188AF121236FBB4D0054BE87 /* SomeDemoView.swift */,
				188AF123236FBB580054BE87 /* SomeDemoView.xib */,
			);
			path = AviewXibFile;
			sourceTree = "<group>";
		};
/* End PBXGroup section */

/* Begin PBXNativeTarget section */
		188AF109236FBB290054BE87 /* AviewXibFile */ = {
			isa = PBXNativeTarget;
			buildConfigurationList = 188AF11E236FBB2B0054BE87 /* Build configuration list for PBXNativeTarget "AviewXibFile" */;
			buildPhases = (
				188AF106236FBB290054BE87 /* Sources */,
				188AF107236FBB290054BE87 /* Frameworks */,
				188AF108236FBB290054BE87 /* Resources */,
			);
			buildRules = (
			);
			dependencies = (
			);
			name = AviewXibFile;
			productName = AviewXibFile;
			productReference = 188AF10A236FBB290054BE87 /* AviewXibFile.app */;
			productType = "com.apple.product-type.application";
		};
/* End PBXNativeTarget section */

/* Begin PBXProject section */
		188AF102236FBB290054BE87 /* Project object */ = {
			isa = PBXProject;
			attributes = {
				LastSwiftUpdateCheck = 1110;
				LastUpgradeCheck = 1110;
				ORGANIZATIONNAME = Apple;
				TargetAttributes = {
					188AF109236FBB290054BE87 = {
						CreatedOnToolsVersion = 11.1;
					};
				};
			};
			buildConfigurationList = 188AF105236FBB290054BE87 /* Build configuration list for PBXProject "AviewXibFile" */;
			compatibilityVersion = "Xcode 9.3";
			developmentRegion = en;
			hasScannedForEncodings = 0;
			knownRegions = (
				en,
				Base,
			);
			mainGroup = 188AF101236FBB290054BE87;
			productRefGroup = 188AF10B236FBB290054BE87 /* Products */;
			projectDirPath = "";
			projectRoot = "";
			targets = (
				188AF109236FBB290054BE87 /* AviewXibFile */,
			);
		};
/* End PBXProject section */

/* Begin PBXResourcesBuildPhase section */
		188AF108236FBB290054BE87 /* Resources */ = {
			isa = PBXResourcesBuildPhase;
			buildActionMask = 2147483647;
			files = (
				188AF11A236FBB2B0054BE87 /* LaunchScreen.storyboard in Resources */,
				188AF124236FBB580054BE87 /* SomeDemoView.xib in Resources */,
				188AF117236FBB2B0054BE87 /* Assets.xcassets in Resources */,
				188AF115236FBB290054BE87 /* Main.storyboard in Resources */,
			);
			runOnlyForDeploymentPostprocessing = 0;
		};
/* End PBXResourcesBuildPhase section */

/* Begin PBXSourcesBuildPhase section */
		188AF106236FBB290054BE87 /* Sources */ = {
			isa = PBXSourcesBuildPhase;
			buildActionMask = 2147483647;
			files = (
				188AF112236FBB290054BE87 /* ViewController.swift in Sources */,
				188AF122236FBB4D0054BE87 /* SomeDemoView.swift in Sources */,
				188AF10E236FBB290054BE87 /* AppDelegate.swift in Sources */,
				188AF110236FBB290054BE87 /* SceneDelegate.swift in Sources */,
			);
			runOnlyForDeploymentPostprocessing = 0;
		};
/* End PBXSourcesBuildPhase section */

/* Begin PBXVariantGroup section */
		188AF113236FBB290054BE87 /* Main.storyboard */ = {
			isa = PBXVariantGroup;
			children = (
				188AF114236FBB290054BE87 /* Base */,
			);
			name = Main.storyboard;
			sourceTree = "<group>";
		};
		188AF118236FBB2B0054BE87 /* LaunchScreen.storyboard */ = {
			isa = PBXVariantGroup;
			children = (
				188AF119236FBB2B0054BE87 /* Base */,
			);
			name = LaunchScreen.storyboard;
			sourceTree = "<group>";
		};
/* End PBXVariantGroup section */

/* Begin XCBuildConfiguration section */
		188AF11C236FBB2B0054BE87 /* Debug */ = {
			isa = XCBuildConfiguration;
			buildSettings = {
				ALWAYS_SEARCH_USER_PATHS = NO;
				CLANG_ANALYZER_NONNULL = YES;
				CLANG_ANALYZER_NUMBER_OBJECT_CONVERSION = YES_AGGRESSIVE;
				CLANG_CXX_LANGUAGE_STANDARD = "gnu++14";
				CLANG_CXX_LIBRARY = "libc++";
				CLANG_ENABLE_MODULES = YES;
				CLANG_ENABLE_OBJC_ARC = YES;
				CLANG_ENABLE_OBJC_WEAK = YES;
				CLANG_WARN_BLOCK_CAPTURE_AUTORELEASING = YES;
				CLANG_WARN_BOOL_CONVERSION = YES;
				CLANG_WARN_COMMA = YES;
				CLANG_WARN_CONSTANT_CONVERSION = YES;
				CLANG_WARN_DEPRECATED_OBJC_IMPLEMENTATIONS = YES;
				CLANG_WARN_DIRECT_OBJC_ISA_USAGE = YES_ERROR;
				CLANG_WARN_DOCUMENTATION_COMMENTS = YES;
				CLANG_WARN_EMPTY_BODY = YES;
				CLANG_WARN_ENUM_CONVERSION = YES;
				CLANG_WARN_INFINITE_RECURSION = YES;
				CLANG_WARN_INT_CONVERSION = YES;
				CLANG_WARN_NON_LITERAL_NULL_CONVERSION = YES;
				CLANG_WARN_OBJC_IMPLICIT_RETAIN_SELF = YES;
				CLANG_WARN_OBJC_LITERAL_CONVERSION = YES;
				CLANG_WARN_OBJC_ROOT_CLASS = YES_ERROR;
				CLANG_WARN_RANGE_LOOP_ANALYSIS = YES;
				CLANG_WARN_STRICT_PROTOTYPES = YES;
				CLANG_WARN_SUSPICIOUS_MOVE = YES;
				CLANG_WARN_UNGUARDED_AVAILABILITY = YES_AGGRESSIVE;
				CLANG_WARN_UNREACHABLE_CODE = YES;
				CLANG_WARN__DUPLICATE_METHOD_MATCH = YES;
				COPY_PHASE_STRIP = NO;
				DEBUG_INFORMATION_FORMAT = dwarf;
				ENABLE_STRICT_OBJC_MSGSEND = YES;
				ENABLE_TESTABILITY = YES;
				GCC_C_LANGUAGE_STANDARD = gnu11;
				GCC_DYNAMIC_NO_PIC = NO;
				GCC_NO_COMMON_BLOCKS = YES;
				GCC_OPTIMIZATION_LEVEL = 0;
				GCC_PREPROCESSOR_DEFINITIONS = (
					"DEBUG=1",
					"$(inherited)",
				);
				GCC_WARN_64_TO_32_BIT_CONVERSION = YES;
				GCC_WARN_ABOUT_RETURN_TYPE = YES_ERROR;
				GCC_WARN_UNDECLARED_SELECTOR = YES;
				GCC_WARN_UNINITIALIZED_AUTOS = YES_AGGRESSIVE;
				GCC_WARN_UNUSED_FUNCTION = YES;
				GCC_WARN_UNUSED_VARIABLE = YES;
				IPHONEOS_DEPLOYMENT_TARGET = 13.1;
				MTL_ENABLE_DEBUG_INFO = INCLUDE_SOURCE;
				MTL_FAST_MATH = YES;
				ONLY_ACTIVE_ARCH = YES;
				SDKROOT = iphoneos;
				SWIFT_ACTIVE_COMPILATION_CONDITIONS = DEBUG;
				SWIFT_OPTIMIZATION_LEVEL = "-Onone";
			};
			name = Debug;
		};
		188AF11D236FBB2B0054BE87 /* Release */ = {
			isa = XCBuildConfiguration;
			buildSettings = {
				ALWAYS_SEARCH_USER_PATHS = NO;
				CLANG_ANALYZER_NONNULL = YES;
				CLANG_ANALYZER_NUMBER_OBJECT_CONVERSION = YES_AGGRESSIVE;
				CLANG_CXX_LANGUAGE_STANDARD = "gnu++14";
				CLANG_CXX_LIBRARY = "libc++";
				CLANG_ENABLE_MODULES = YES;
				CLANG_ENABLE_OBJC_ARC = YES;
				CLANG_ENABLE_OBJC_WEAK = YES;
				CLANG_WARN_BLOCK_CAPTURE_AUTORELEASING = YES;
				CLANG_WARN_BOOL_CONVERSION = YES;
				CLANG_WARN_COMMA = YES;
				CLANG_WARN_CONSTANT_CONVERSION = YES;
				CLANG_WARN_DEPRECATED_OBJC_IMPLEMENTATIONS = YES;
				CLANG_WARN_DIRECT_OBJC_ISA_USAGE = YES_ERROR;
				CLANG_WARN_DOCUMENTATION_COMMENTS = YES;
				CLANG_WARN_EMPTY_BODY = YES;
				CLANG_WARN_ENUM_CONVERSION = YES;
				CLANG_WARN_INFINITE_RECURSION = YES;
				CLANG_WARN_INT_CONVERSION = YES;
				CLANG_WARN_NON_LITERAL_NULL_CONVERSION = YES;
				CLANG_WARN_OBJC_IMPLICIT_RETAIN_SELF = YES;
				CLANG_WARN_OBJC_LITERAL_CONVERSION = YES;
				CLANG_WARN_OBJC_ROOT_CLASS = YES_ERROR;
				CLANG_WARN_RANGE_LOOP_ANALYSIS = YES;
				CLANG_WARN_STRICT_PROTOTYPES = YES;
				CLANG_WARN_SUSPICIOUS_MOVE = YES;
				CLANG_WARN_UNGUARDED_AVAILABILITY = YES_AGGRESSIVE;
				CLANG_WARN_UNREACHABLE_CODE = YES;
				CLANG_WARN__DUPLICATE_METHOD_MATCH = YES;
				COPY_PHASE_STRIP = NO;
				DEBUG_INFORMATION_FORMAT = "dwarf-with-dsym";
				ENABLE_NS_ASSERTIONS = NO;
				ENABLE_STRICT_OBJC_MSGSEND = YES;
				GCC_C_LANGUAGE_STANDARD = gnu11;
				GCC_NO_COMMON_BLOCKS = YES;
				GCC_WARN_64_TO_32_BIT_CONVERSION = YES;
				GCC_WARN_ABOUT_RETURN_TYPE = YES_ERROR;
				GCC_WARN_UNDECLARED_SELECTOR = YES;
				GCC_WARN_UNINITIALIZED_AUTOS = YES_AGGRESSIVE;
				GCC_WARN_UNUSED_FUNCTION = YES;
				GCC_WARN_UNUSED_VARIABLE = YES;
				IPHONEOS_DEPLOYMENT_TARGET = 13.1;
				MTL_ENABLE_DEBUG_INFO = NO;
				MTL_FAST_MATH = YES;
				SDKROOT = iphoneos;
				SWIFT_COMPILATION_MODE = wholemodule;
				SWIFT_OPTIMIZATION_LEVEL = "-O";
				VALIDATE_PRODUCT = YES;
			};
			name = Release;
		};
		188AF11F236FBB2B0054BE87 /* Debug */ = {
			isa = XCBuildConfiguration;
			buildSettings = {
				ASSETCATALOG_COMPILER_APPICON_NAME = AppIcon;
				CODE_SIGN_STYLE = Automatic;
				INFOPLIST_FILE = AviewXibFile/Info.plist;
				LD_RUNPATH_SEARCH_PATHS = (
					"$(inherited)",
					"@executable_path/Frameworks",
				);
				PRODUCT_BUNDLE_IDENTIFIER = Ngoc.AviewXibFile;
				PRODUCT_NAME = "$(TARGET_NAME)";
				SWIFT_VERSION = 5.0;
				TARGETED_DEVICE_FAMILY = "1,2";
			};
			name = Debug;
		};
		188AF120236FBB2B0054BE87 /* Release */ = {
			isa = XCBuildConfiguration;
			buildSettings = {
				ASSETCATALOG_COMPILER_APPICON_NAME = AppIcon;
				CODE_SIGN_STYLE = Automatic;
				INFOPLIST_FILE = AviewXibFile/Info.plist;
				LD_RUNPATH_SEARCH_PATHS = (
					"$(inherited)",
					"@executable_path/Frameworks",
				);
				PRODUCT_BUNDLE_IDENTIFIER = Ngoc.AviewXibFile;
				PRODUCT_NAME = "$(TARGET_NAME)";
				SWIFT_VERSION = 5.0;
				TARGETED_DEVICE_FAMILY = "1,2";
			};
			name = Release;
		};
/* End XCBuildConfiguration section */

/* Begin XCConfigurationList section */
		188AF105236FBB290054BE87 /* Build configuration list for PBXProject "AviewXibFile" */ = {
			isa = XCConfigurationList;
			buildConfigurations = (
				188AF11C236FBB2B0054BE87 /* Debug */,
				188AF11D236FBB2B0054BE87 /* Release */,
			);
			defaultConfigurationIsVisible = 0;
			defaultConfigurationName = Release;
		};
		188AF11E236FBB2B0054BE87 /* Build configuration list for PBXNativeTarget "AviewXibFile" */ = {
			isa = XCConfigurationList;
			buildConfigurations = (
				188AF11F236FBB2B0054BE87 /* Debug */,
				188AF120236FBB2B0054BE87 /* Release */,
			);
			defaultConfigurationIsVisible = 0;
			defaultConfigurationName = Release;
		};
/* End XCConfigurationList section */
	};
	rootObject = 188AF102236FBB290054BE87 /* Project object */;
}
