// !$*UTF8*$!
{
	archiveVersion = 1;
	classes = {
	};
	objectVersion = 50;
	objects = {

/* Begin PBXBuildFile section */
		1818BA78236D7E06001D3087 /* AppDelegate.swift in Sources */ = {isa = PBXBuildFile; fileRef = 1818BA77236D7E06001D3087 /* AppDelegate.swift */; };
		1818BA7A236D7E06001D3087 /* SceneDelegate.swift in Sources */ = {isa = PBXBuildFile; fileRef = 1818BA79236D7E06001D3087 /* SceneDelegate.swift */; };
		1818BA7C236D7E06001D3087 /* ViewController.swift in Sources */ = {isa = PBXBuildFile; fileRef = 1818BA7B236D7E06001D3087 /* ViewController.swift */; };
		1818BA7F236D7E06001D3087 /* Main.storyboard in Resources */ = {isa = PBXBuildFile; fileRef = 1818BA7D236D7E06001D3087 /* Main.storyboard */; };
		1818BA81236D7E08001D3087 /* Assets.xcassets in Resources */ = {isa = PBXBuildFile; fileRef = 1818BA80236D7E08001D3087 /* Assets.xcassets */; };
		1818BA84236D7E08001D3087 /* LaunchScreen.storyboard in Resources */ = {isa = PBXBuildFile; fileRef = 1818BA82236D7E08001D3087 /* LaunchScreen.storyboard */; };
		1818BA8C236D7E20001D3087 /* TestView.xib in Resources */ = {isa = PBXBuildFile; fileRef = 1818BA8B236D7E20001D3087 /* TestView.xib */; };
		1818BA8E236D7E40001D3087 /* TestView.swift in Sources */ = {isa = PBXBuildFile; fileRef = 1818BA8D236D7E40001D3087 /* TestView.swift */; };
/* End PBXBuildFile section */

/* Begin PBXFileReference section */
		1818BA74236D7E06001D3087 /* CustomUIviewXIB.app */ = {isa = PBXFileReference; explicitFileType = wrapper.application; includeInIndex = 0; path = CustomUIviewXIB.app; sourceTree = BUILT_PRODUCTS_DIR; };
		1818BA77236D7E06001D3087 /* AppDelegate.swift */ = {isa = PBXFileReference; lastKnownFileType = sourcecode.swift; path = AppDelegate.swift; sourceTree = "<group>"; };
		1818BA79236D7E06001D3087 /* SceneDelegate.swift */ = {isa = PBXFileReference; lastKnownFileType = sourcecode.swift; path = SceneDelegate.swift; sourceTree = "<group>"; };
		1818BA7B236D7E06001D3087 /* ViewController.swift */ = {isa = PBXFileReference; lastKnownFileType = sourcecode.swift; path = ViewController.swift; sourceTree = "<group>"; };
		1818BA7E236D7E06001D3087 /* Base */ = {isa = PBXFileReference; lastKnownFileType = file.storyboard; name = Base; path = Base.lproj/Main.storyboard; sourceTree = "<group>"; };
		1818BA80236D7E08001D3087 /* Assets.xcassets */ = {isa = PBXFileReference; lastKnownFileType = folder.assetcatalog; path = Assets.xcassets; sourceTree = "<group>"; };
		1818BA83236D7E08001D3087 /* Base */ = {isa = PBXFileReference; lastKnownFileType = file.storyboard; name = Base; path = Base.lproj/LaunchScreen.storyboard; sourceTree = "<group>"; };
		1818BA85236D7E08001D3087 /* Info.plist */ = {isa = PBXFileReference; lastKnownFileType = text.plist.xml; path = Info.plist; sourceTree = "<group>"; };
		1818BA8B236D7E20001D3087 /* TestView.xib */ = {isa = PBXFileReference; lastKnownFileType = file.xib; path = TestView.xib; sourceTree = "<group>"; };
		1818BA8D236D7E40001D3087 /* TestView.swift */ = {isa = PBXFileReference; lastKnownFileType = sourcecode.swift; path = TestView.swift; sourceTree = "<group>"; };
/* End PBXFileReference section */

/* Begin PBXFrameworksBuildPhase section */
		1818BA71236D7E06001D3087 /* Frameworks */ = {
			isa = PBXFrameworksBuildPhase;
			buildActionMask = 2147483647;
			files = (
			);
			runOnlyForDeploymentPostprocessing = 0;
		};
/* End PBXFrameworksBuildPhase section */

/* Begin PBXGroup section */
		1818BA6B236D7E06001D3087 = {
			isa = PBXGroup;
			children = (
				1818BA76236D7E06001D3087 /* CustomUIviewXIB */,
				1818BA75236D7E06001D3087 /* Products */,
			);
			sourceTree = "<group>";
		};
		1818BA75236D7E06001D3087 /* Products */ = {
			isa = PBXGroup;
			children = (
				1818BA74236D7E06001D3087 /* CustomUIviewXIB.app */,
			);
			name = Products;
			sourceTree = "<group>";
		};
		1818BA76236D7E06001D3087 /* CustomUIviewXIB */ = {
			isa = PBXGroup;
			children = (
				1818BA77236D7E06001D3087 /* AppDelegate.swift */,
				1818BA79236D7E06001D3087 /* SceneDelegate.swift */,
				1818BA7B236D7E06001D3087 /* ViewController.swift */,
				1818BA7D236D7E06001D3087 /* Main.storyboard */,
				1818BA8D236D7E40001D3087 /* TestView.swift */,
				1818BA8B236D7E20001D3087 /* TestView.xib */,
				1818BA80236D7E08001D3087 /* Assets.xcassets */,
				1818BA82236D7E08001D3087 /* LaunchScreen.storyboard */,
				1818BA85236D7E08001D3087 /* Info.plist */,
			);
			path = CustomUIviewXIB;
			sourceTree = "<group>";
		};
/* End PBXGroup section */

/* Begin PBXNativeTarget section */
		1818BA73236D7E06001D3087 /* CustomUIviewXIB */ = {
			isa = PBXNativeTarget;
			buildConfigurationList = 1818BA88236D7E08001D3087 /* Build configuration list for PBXNativeTarget "CustomUIviewXIB" */;
			buildPhases = (
				1818BA70236D7E06001D3087 /* Sources */,
				1818BA71236D7E06001D3087 /* Frameworks */,
				1818BA72236D7E06001D3087 /* Resources */,
			);
			buildRules = (
			);
			dependencies = (
			);
			name = CustomUIviewXIB;
			productName = CustomUIviewXIB;
			productReference = 1818BA74236D7E06001D3087 /* CustomUIviewXIB.app */;
			productType = "com.apple.product-type.application";
		};
/* End PBXNativeTarget section */

/* Begin PBXProject section */
		1818BA6C236D7E06001D3087 /* Project object */ = {
			isa = PBXProject;
			attributes = {
				LastSwiftUpdateCheck = 1110;
				LastUpgradeCheck = 1110;
				ORGANIZATIONNAME = Apple;
				TargetAttributes = {
					1818BA73236D7E06001D3087 = {
						CreatedOnToolsVersion = 11.1;
					};
				};
			};
			buildConfigurationList = 1818BA6F236D7E06001D3087 /* Build configuration list for PBXProject "CustomUIviewXIB" */;
			compatibilityVersion = "Xcode 9.3";
			developmentRegion = en;
			hasScannedForEncodings = 0;
			knownRegions = (
				en,
				Base,
			);
			mainGroup = 1818BA6B236D7E06001D3087;
			productRefGroup = 1818BA75236D7E06001D3087 /* Products */;
			projectDirPath = "";
			projectRoot = "";
			targets = (
				1818BA73236D7E06001D3087 /* CustomUIviewXIB */,
			);
		};
/* End PBXProject section */

/* Begin PBXResourcesBuildPhase section */
		1818BA72236D7E06001D3087 /* Resources */ = {
			isa = PBXResourcesBuildPhase;
			buildActionMask = 2147483647;
			files = (
				1818BA8C236D7E20001D3087 /* TestView.xib in Resources */,
				1818BA84236D7E08001D3087 /* LaunchScreen.storyboard in Resources */,
				1818BA81236D7E08001D3087 /* Assets.xcassets in Resources */,
				1818BA7F236D7E06001D3087 /* Main.storyboard in Resources */,
			);
			runOnlyForDeploymentPostprocessing = 0;
		};
/* End PBXResourcesBuildPhase section */

/* Begin PBXSourcesBuildPhase section */
		1818BA70236D7E06001D3087 /* Sources */ = {
			isa = PBXSourcesBuildPhase;
			buildActionMask = 2147483647;
			files = (
				1818BA8E236D7E40001D3087 /* TestView.swift in Sources */,
				1818BA7C236D7E06001D3087 /* ViewController.swift in Sources */,
				1818BA78236D7E06001D3087 /* AppDelegate.swift in Sources */,
				1818BA7A236D7E06001D3087 /* SceneDelegate.swift in Sources */,
			);
			runOnlyForDeploymentPostprocessing = 0;
		};
/* End PBXSourcesBuildPhase section */

/* Begin PBXVariantGroup section */
		1818BA7D236D7E06001D3087 /* Main.storyboard */ = {
			isa = PBXVariantGroup;
			children = (
				1818BA7E236D7E06001D3087 /* Base */,
			);
			name = Main.storyboard;
			sourceTree = "<group>";
		};
		1818BA82236D7E08001D3087 /* LaunchScreen.storyboard */ = {
			isa = PBXVariantGroup;
			children = (
				1818BA83236D7E08001D3087 /* Base */,
			);
			name = LaunchScreen.storyboard;
			sourceTree = "<group>";
		};
/* End PBXVariantGroup section */

/* Begin XCBuildConfiguration section */
		1818BA86236D7E08001D3087 /* Debug */ = {
			isa = XCBuildConfiguration;
			buildSettings = {
				ALWAYS_SEARCH_USER_PATHS = NO;
				CLANG_ANALYZER_NONNULL = YES;
				CLANG_ANALYZER_NUMBER_OBJECT_CONVERSION = YES_AGGRESSIVE;
				CLANG_CXX_LANGUAGE_STANDARD = "gnu++14";
				CLANG_CXX_LIBRARY = "libc++";
				CLANG_ENABLE_MODULES = YES;
				CLANG_ENABLE_OBJC_ARC = YES;
				CLANG_ENABLE_OBJC_WEAK = YES;
				CLANG_WARN_BLOCK_CAPTURE_AUTORELEASING = YES;
				CLANG_WARN_BOOL_CONVERSION = YES;
				CLANG_WARN_COMMA = YES;
				CLANG_WARN_CONSTANT_CONVERSION = YES;
				CLANG_WARN_DEPRECATED_OBJC_IMPLEMENTATIONS = YES;
				CLANG_WARN_DIRECT_OBJC_ISA_USAGE = YES_ERROR;
				CLANG_WARN_DOCUMENTATION_COMMENTS = YES;
				CLANG_WARN_EMPTY_BODY = YES;
				CLANG_WARN_ENUM_CONVERSION = YES;
				CLANG_WARN_INFINITE_RECURSION = YES;
				CLANG_WARN_INT_CONVERSION = YES;
				CLANG_WARN_NON_LITERAL_NULL_CONVERSION = YES;
				CLANG_WARN_OBJC_IMPLICIT_RETAIN_SELF = YES;
				CLANG_WARN_OBJC_LITERAL_CONVERSION = YES;
				CLANG_WARN_OBJC_ROOT_CLASS = YES_ERROR;
				CLANG_WARN_RANGE_LOOP_ANALYSIS = YES;
				CLANG_WARN_STRICT_PROTOTYPES = YES;
				CLANG_WARN_SUSPICIOUS_MOVE = YES;
				CLANG_WARN_UNGUARDED_AVAILABILITY = YES_AGGRESSIVE;
				CLANG_WARN_UNREACHABLE_CODE = YES;
				CLANG_WARN__DUPLICATE_METHOD_MATCH = YES;
				COPY_PHASE_STRIP = NO;
				DEBUG_INFORMATION_FORMAT = dwarf;
				ENABLE_STRICT_OBJC_MSGSEND = YES;
				ENABLE_TESTABILITY = YES;
				GCC_C_LANGUAGE_STANDARD = gnu11;
				GCC_DYNAMIC_NO_PIC = NO;
				GCC_NO_COMMON_BLOCKS = YES;
				GCC_OPTIMIZATION_LEVEL = 0;
				GCC_PREPROCESSOR_DEFINITIONS = (
					"DEBUG=1",
					"$(inherited)",
				);
				GCC_WARN_64_TO_32_BIT_CONVERSION = YES;
				GCC_WARN_ABOUT_RETURN_TYPE = YES_ERROR;
				GCC_WARN_UNDECLARED_SELECTOR = YES;
				GCC_WARN_UNINITIALIZED_AUTOS = YES_AGGRESSIVE;
				GCC_WARN_UNUSED_FUNCTION = YES;
				GCC_WARN_UNUSED_VARIABLE = YES;
				IPHONEOS_DEPLOYMENT_TARGET = 13.1;
				MTL_ENABLE_DEBUG_INFO = INCLUDE_SOURCE;
				MTL_FAST_MATH = YES;
				ONLY_ACTIVE_ARCH = YES;
				SDKROOT = iphoneos;
				SWIFT_ACTIVE_COMPILATION_CONDITIONS = DEBUG;
				SWIFT_OPTIMIZATION_LEVEL = "-Onone";
			};
			name = Debug;
		};
		1818BA87236D7E08001D3087 /* Release */ = {
			isa = XCBuildConfiguration;
			buildSettings = {
				ALWAYS_SEARCH_USER_PATHS = NO;
				CLANG_ANALYZER_NONNULL = YES;
				CLANG_ANALYZER_NUMBER_OBJECT_CONVERSION = YES_AGGRESSIVE;
				CLANG_CXX_LANGUAGE_STANDARD = "gnu++14";
				CLANG_CXX_LIBRARY = "libc++";
				CLANG_ENABLE_MODULES = YES;
				CLANG_ENABLE_OBJC_ARC = YES;
				CLANG_ENABLE_OBJC_WEAK = YES;
				CLANG_WARN_BLOCK_CAPTURE_AUTORELEASING = YES;
				CLANG_WARN_BOOL_CONVERSION = YES;
				CLANG_WARN_COMMA = YES;
				CLANG_WARN_CONSTANT_CONVERSION = YES;
				CLANG_WARN_DEPRECATED_OBJC_IMPLEMENTATIONS = YES;
				CLANG_WARN_DIRECT_OBJC_ISA_USAGE = YES_ERROR;
				CLANG_WARN_DOCUMENTATION_COMMENTS = YES;
				CLANG_WARN_EMPTY_BODY = YES;
				CLANG_WARN_ENUM_CONVERSION = YES;
				CLANG_WARN_INFINITE_RECURSION = YES;
				CLANG_WARN_INT_CONVERSION = YES;
				CLANG_WARN_NON_LITERAL_NULL_CONVERSION = YES;
				CLANG_WARN_OBJC_IMPLICIT_RETAIN_SELF = YES;
				CLANG_WARN_OBJC_LITERAL_CONVERSION = YES;
				CLANG_WARN_OBJC_ROOT_CLASS = YES_ERROR;
				CLANG_WARN_RANGE_LOOP_ANALYSIS = YES;
				CLANG_WARN_STRICT_PROTOTYPES = YES;
				CLANG_WARN_SUSPICIOUS_MOVE = YES;
				CLANG_WARN_UNGUARDED_AVAILABILITY = YES_AGGRESSIVE;
				CLANG_WARN_UNREACHABLE_CODE = YES;
				CLANG_WARN__DUPLICATE_METHOD_MATCH = YES;
				COPY_PHASE_STRIP = NO;
				DEBUG_INFORMATION_FORMAT = "dwarf-with-dsym";
				ENABLE_NS_ASSERTIONS = NO;
				ENABLE_STRICT_OBJC_MSGSEND = YES;
				GCC_C_LANGUAGE_STANDARD = gnu11;
				GCC_NO_COMMON_BLOCKS = YES;
				GCC_WARN_64_TO_32_BIT_CONVERSION = YES;
				GCC_WARN_ABOUT_RETURN_TYPE = YES_ERROR;
				GCC_WARN_UNDECLARED_SELECTOR = YES;
				GCC_WARN_UNINITIALIZED_AUTOS = YES_AGGRESSIVE;
				GCC_WARN_UNUSED_FUNCTION = YES;
				GCC_WARN_UNUSED_VARIABLE = YES;
				IPHONEOS_DEPLOYMENT_TARGET = 13.1;
				MTL_ENABLE_DEBUG_INFO = NO;
				MTL_FAST_MATH = YES;
				SDKROOT = iphoneos;
				SWIFT_COMPILATION_MODE = wholemodule;
				SWIFT_OPTIMIZATION_LEVEL = "-O";
				VALIDATE_PRODUCT = YES;
			};
			name = Release;
		};
		1818BA89236D7E08001D3087 /* Debug */ = {
			isa = XCBuildConfiguration;
			buildSettings = {
				ASSETCATALOG_COMPILER_APPICON_NAME = AppIcon;
				CODE_SIGN_STYLE = Automatic;
				INFOPLIST_FILE = CustomUIviewXIB/Info.plist;
				LD_RUNPATH_SEARCH_PATHS = (
					"$(inherited)",
					"@executable_path/Frameworks",
				);
				PRODUCT_BUNDLE_IDENTIFIER = Ngoc.CustomUIviewXIB;
				PRODUCT_NAME = "$(TARGET_NAME)";
				SWIFT_VERSION = 5.0;
				TARGETED_DEVICE_FAMILY = "1,2";
			};
			name = Debug;
		};
		1818BA8A236D7E08001D3087 /* Release */ = {
			isa = XCBuildConfiguration;
			buildSettings = {
				ASSETCATALOG_COMPILER_APPICON_NAME = AppIcon;
				CODE_SIGN_STYLE = Automatic;
				INFOPLIST_FILE = CustomUIviewXIB/Info.plist;
				LD_RUNPATH_SEARCH_PATHS = (
					"$(inherited)",
					"@executable_path/Frameworks",
				);
				PRODUCT_BUNDLE_IDENTIFIER = Ngoc.CustomUIviewXIB;
				PRODUCT_NAME = "$(TARGET_NAME)";
				SWIFT_VERSION = 5.0;
				TARGETED_DEVICE_FAMILY = "1,2";
			};
			name = Release;
		};
/* End XCBuildConfiguration section */

/* Begin XCConfigurationList section */
		1818BA6F236D7E06001D3087 /* Build configuration list for PBXProject "CustomUIviewXIB" */ = {
			isa = XCConfigurationList;
			buildConfigurations = (
				1818BA86236D7E08001D3087 /* Debug */,
				1818BA87236D7E08001D3087 /* Release */,
			);
			defaultConfigurationIsVisible = 0;
			defaultConfigurationName = Release;
		};
		1818BA88236D7E08001D3087 /* Build configuration list for PBXNativeTarget "CustomUIviewXIB" */ = {
			isa = XCConfigurationList;
			buildConfigurations = (
				1818BA89236D7E08001D3087 /* Debug */,
				1818BA8A236D7E08001D3087 /* Release */,
			);
			defaultConfigurationIsVisible = 0;
			defaultConfigurationName = Release;
		};
/* End XCConfigurationList section */
	};
	rootObject = 1818BA6C236D7E06001D3087 /* Project object */;
}
